<?xml version="1.0" encoding="utf-8"?>
<Project ToolsVersion="4.0" xmlns="http://schemas.microsoft.com/developer/msbuild/2003">
  <ItemGroup>
    <Filter Include="Source Files">
      <UniqueIdentifier>{4FC737F1-C7A5-4376-A066-2A32D752A2FF}</UniqueIdentifier>
      <Extensions>cpp;c;cc;cxx;c++;cppm;ixx;def;odl;idl;hpj;bat;asm;asmx</Extensions>
    </Filter>
    <Filter Include="Header Files">
      <UniqueIdentifier>{93995380-89BD-4b04-88EB-625FBE52EBFB}</UniqueIdentifier>
      <Extensions>h;hh;hpp;hxx;h++;hm;inl;inc;ipp;xsd</Extensions>
    </Filter>
    <Filter Include="Resource Files">
      <UniqueIdentifier>{67DA6AB6-F800-4c08-8B7A-83BB121AAD01}</UniqueIdentifier>
      <Extensions>rc;ico;cur;bmp;dlg;rc2;rct;bin;rgs;gif;jpg;jpeg;jpe;resx;tiff;tif;png;wav;mfcribbon-ms</Extensions>
    </Filter>
    <Filter Include="game">
      <UniqueIdentifier>{9d2cfe54-ecdd-4ccd-95f4-495c5b14346e}</UniqueIdentifier>
    </Filter>
  </ItemGroup>
  <ItemGroup>
    <ClCompile Include="dllmain.cpp">
      <Filter>Source Files</Filter>
    </ClCompile>
    <ClCompile Include="game\entity.cpp">
      <Filter>game</Filter>
    </ClCompile>
    <ClCompile Include="game\experience_tracker.cpp">
      <Filter>game</Filter>
    </ClCompile>
    <ClCompile Include="game\world_dynamics_system.cpp">
      <Filter>game</Filter>
    </ClCompile>
    <ClCompile Include="game\mission_manager.cpp">
      <Filter>game</Filter>
    </ClCompile>
    <ClCompile Include="game\slf.cpp">
      <Filter>game</Filter>
    </ClCompile>
    <ClCompile Include="game\ngl.cpp">
      <Filter>game</Filter>
    </ClCompile>
    <ClCompile Include="game\string_hash.cpp">
      <Filter>game</Filter>
    </ClCompile>
    <ClCompile Include="game\debug_menu.cpp">
      <Filter>game</Filter>
    </ClCompile>
    <ClCompile Include="game\xenon_input_mgr.cpp">
      <Filter>game</Filter>
    </ClCompile>
    <ClCompile Include="game\input_mgr.cpp">
      <Filter>game</Filter>
    </ClCompile>
    <ClCompile Include="game\IGOTimerWidget.cpp">
      <Filter>game</Filter>
    </ClCompile>
    <ClCompile Include="game\blacksuit_player_interface.cpp">
      <Filter>game</Filter>
    </ClCompile>
    <ClCompile Include="game\player_interface.cpp">
      <Filter>game</Filter>
    </ClCompile>
    <ClCompile Include="game\goblin_player_interface.cpp">
      <Filter>game</Filter>
    </ClCompile>
    <ClCompile Include="game\FEManager.cpp">
      <Filter>game</Filter>
    </ClCompile>
    <ClCompile Include="game\IGOFrontEnd.cpp">
      <Filter>game</Filter>
    </ClCompile>
    <ClCompile Include="game\world.cpp">
      <Filter>game</Filter>
    </ClCompile>
    <ClCompile Include="game\game.cpp">
      <Filter>game</Filter>
    </ClCompile>
    <ClCompile Include="game\dev_opts.cpp">
      <Filter>game</Filter>
    </ClCompile>
    <ClCompile Include="game\app.cpp">
      <Filter>game</Filter>
    </ClCompile>
    <ClCompile Include="game\camera.cpp">
      <Filter>game</Filter>
    </ClCompile>
    <ClCompile Include="RegionUtils.cpp">
      <Filter>Source Files</Filter>
    </ClCompile>
    <ClCompile Include="SpawnPointUtils.cpp">
      <Filter>Source Files</Filter>
    </ClCompile>
    <ClCompile Include="DebugMenuUI.cpp">
      <Filter>Source Files</Filter>
    </ClCompile>
    <ClCompile Include="DebugMenuFunctions.cpp">
      <Filter>Source Files</Filter>
    </ClCompile>
  </ItemGroup>
  <ItemGroup>
    <ClInclude Include="d3d9_proxy.hpp">
      <Filter>Header Files</Filter>
    </ClInclude>
    <ClInclude Include="game\entity.hpp">
      <Filter>game</Filter>
    </ClInclude>
    <ClInclude Include="game\experience_tracker.hpp">
      <Filter>game</Filter>
    </ClInclude>
    <ClInclude Include="game\world_dynamics_system.hpp">
      <Filter>game</Filter>
    </ClInclude>
    <ClInclude Include="game\glass_house_manager.hpp">
      <Filter>game</Filter>
    </ClInclude>
    <ClInclude Include="game\mission_manager.hpp">
      <Filter>game</Filter>
    </ClInclude>
    <ClInclude Include="game\numerics.hpp">
      <Filter>game</Filter>
    </ClInclude>
    <ClInclude Include="game\region.hpp">
      <Filter>game</Filter>
    </ClInclude>
    <ClInclude Include="game\singleton.hpp">
      <Filter>game</Filter>
    </ClInclude>
    <ClInclude Include="game\slf.hpp">
      <Filter>game</Filter>
    </ClInclude>
    <ClInclude Include="game\ngl.hpp">
      <Filter>game</Filter>
    </ClInclude>
    <ClInclude Include="game\windows_app.hpp">
      <Filter>game</Filter>
    </ClInclude>
    <ClInclude Include="game\string_hash.hpp">
      <Filter>game</Filter>
    </ClInclude>
    <ClInclude Include="game\game_vars.hpp">
      <Filter>game</Filter>
    </ClInclude>
    <ClInclude Include="game\debug_menu.hpp">
      <Filter>game</Filter>
    </ClInclude>
    <ClInclude Include="game\xinput1_1.hpp">
      <Filter>game</Filter>
    </ClInclude>
    <ClInclude Include="game\xenon_input_mgr.hpp">
      <Filter>game</Filter>
    </ClInclude>
    <ClInclude Include="game\input_mgr.hpp">
      <Filter>game</Filter>
    </ClInclude>
    <ClInclude Include="game\IGOTimerWidget.hpp">
      <Filter>game</Filter>
    </ClInclude>
    <ClInclude Include="game\blacksuit_player_interface.hpp">
      <Filter>game</Filter>
    </ClInclude>
    <ClInclude Include="game\player_interface.hpp">
      <Filter>game</Filter>
    </ClInclude>
    <ClInclude Include="game\goblin_player_interface.hpp">
      <Filter>game</Filter>
    </ClInclude>
    <ClInclude Include="game\FEManager.hpp">
      <Filter>game</Filter>
    </ClInclude>
    <ClInclude Include="game\IGOFrontEnd.hpp">
      <Filter>game</Filter>
    </ClInclude>
    <ClInclude Include="game\plr_loco_standing_state.hpp">
      <Filter>game</Filter>
    </ClInclude>
    <ClInclude Include="game\world.hpp">
      <Filter>game</Filter>
    </ClInclude>
    <ClInclude Include="game\game.hpp">
      <Filter>game</Filter>
    </ClInclude>
    <ClInclude Include="game\app.hpp">
      <Filter>game</Filter>
    </ClInclude>
    <ClInclude Include="game\dev_opts.hpp">
      <Filter>game</Filter>
    </ClInclude>
    <ClInclude Include="game\camera.hpp">
      <Filter>game</Filter>
    </ClInclude>
    <ClInclude Include="RegionUtils.hpp">
      <Filter>Header Files</Filter>
    </ClInclude>
    <ClInclude Include="MissionScripts.hpp">
      <Filter>Header Files</Filter>
    </ClInclude>
    <ClInclude Include="SpawnPointUtils.hpp">
      <Filter>Header Files</Filter>
    </ClInclude>
    <ClInclude Include="DebugMenuUI.hpp">
      <Filter>Header Files</Filter>
    </ClInclude>
    <ClInclude Include="DebugMenuFunctions.hpp">
      <Filter>Header Files</Filter>
    </ClInclude>
  </ItemGroup>
  <ItemGroup>
    <None Include="d3d9.def">
      <Filter>Source Files</Filter>
    </None>
    <None Include="packages.config">
      <Filter>Source Files</Filter>
    </None>
  </ItemGroup>
</Project>